{
  "lockfileVersion": 1,
  "configVersion": 0,
  "workspaces": {
    "": {
      "name": "effect-http-server-test",
      "dependencies": {
        "@effect/platform-bun": "4.0.0-beta.76",
        "@effect/platform-node": "4.0.0-beta.76",
        "@hono/node-server": "2.0.4",
        "autocannon": "^7.15.0",
        "effect": "4.0.0-beta.76",
        "elysia": "^1.1.0",
        "hono": "4.12.23",
      },
      "devDependencies": {
        "@types/autocannon": "^7.12.0",
        "@types/bun": "^1.1.0",
        "tsx": "4.22.4",
        "typescript": "^5.6.0",
      },
    },
  },
  "packages": {
    "@assemblyscript/loader": ["@assemblyscript/loader@0.19.23", "", {}, "sha512-ulkCYfFbYj01ie1MDOyxv2F6SpRN1TOj7fQxbP07D6HmeR+gr2JLSmINKjga2emB+b1L2KGrFKBTc+e00p54nw=="],

    "@borewit/text-codec": ["@borewit/text-codec@0.1.1", "", {}, "sha512-5L/uBxmjaCIX5h8Z+uu+kA9BQLkc/Wl06UGR5ajNRxu+/XjonB5i8JpgFMrPj3LXTCPA0pv8yxUvbUi+QthGGA=="],

    "@colors/colors": ["@colors/colors@1.5.0", "", {}, "sha512-ooWCrlZP11i8GImSjTHYHLkvFDP48nS4+204nGb1RiX/WXYHmJA2III9/e2DWVabCESdW7hBAEzHRqUn9OUVvQ=="],

    "@effect/platform-bun": ["@effect/platform-bun@4.0.0-beta.76", "", { "dependencies": { "@effect/platform-node-shared": "^4.0.0-beta.76" }, "peerDependencies": { "effect": "^4.0.0-beta.76" } }, "sha512-vHQBj1qUmiHNGKu2wsm6Inui9hcGNwVpqfzb0UMfpkadR7ytM5c0wWIyoc8hf7rN6oL8GzxsdmCmh9Eyqzf/KQ=="],

    "@effect/platform-node": ["@effect/platform-node@4.0.0-beta.76", "", { "dependencies": { "@effect/platform-node-shared": "^4.0.0-beta.76", "mime": "^4.1.0", "undici": "^8.2.0" }, "peerDependencies": { "effect": "^4.0.0-beta.76", "ioredis": "^5.7.0" } }, "sha512-Go0WOmOFpmum/jpBhi5y5lw9jQavJZIrfkD0SvBwMXTYlLJ4+PziqkFwJlrRtKZ50Mgr0Hw92pALHy11w9ArNQ=="],

    "@effect/platform-node-shared": ["@effect/platform-node-shared@4.0.0-beta.76", "", { "dependencies": { "@types/ws": "^8.18.1", "ws": "^8.20.0" }, "peerDependencies": { "effect": "^4.0.0-beta.76" } }, "sha512-htJyli8B7hidi5ANPskhy3cK19g3idNColSlSAqIC9lDAmLcLFQZqpOsUY3uBfSChps8HzhxRwVqWp9C/vsQXA=="],

    "@esbuild/aix-ppc64": ["@esbuild/aix-ppc64@0.28.0", "", { "os": "aix", "cpu": "ppc64" }, "sha512-lhRUCeuOyJQURhTxl4WkpFTjIsbDayJHih5kZC1giwE+MhIzAb7mEsQMqMf18rHLsrb5qI1tafG20mLxEWcWlA=="],

    "@esbuild/android-arm": ["@esbuild/android-arm@0.28.0", "", { "os": "android", "cpu": "arm" }, "sha512-wqh0ByljabXLKHeWXYLqoJ5jKC4XBaw6Hk08OfMrCRd2nP2ZQ5eleDZC41XHyCNgktBGYMbqnrJKq/K/lzPMSQ=="],

    "@esbuild/android-arm64": ["@esbuild/android-arm64@0.28.0", "", { "os": "android", "cpu": "arm64" }, "sha512-+WzIXQOSaGs33tLEgYPYe/yQHf0WTU0X42Jca3y8NWMbUVhp7rUnw+vAsRC/QiDrdD31IszMrZy+qwPOPjd+rw=="],

    "@esbuild/android-x64": ["@esbuild/android-x64@0.28.0", "", { "os": "android", "cpu": "x64" }, "sha512-+VJggoaKhk2VNNqVL7f6S189UzShHC/mR9EE8rDdSkdpN0KflSwWY/gWjDrNxxisg8Fp1ZCD9jLMo4m0OUfeUA=="],

    "@esbuild/darwin-arm64": ["@esbuild/darwin-arm64@0.28.0", "", { "os": "darwin", "cpu": "arm64" }, "sha512-0T+A9WZm+bZ84nZBtk1ckYsOvyA3x7e2Acj1KdVfV4/2tdG4fzUp91YHx+GArWLtwqp77pBXVCPn2We7Letr0Q=="],

    "@esbuild/darwin-x64": ["@esbuild/darwin-x64@0.28.0", "", { "os": "darwin", "cpu": "x64" }, "sha512-fyzLm/DLDl/84OCfp2f/XQ4flmORsjU7VKt8HLjvIXChJoFFOIL6pLJPH4Yhd1n1gGFF9mPwtlN5Wf82DZs+LQ=="],

    "@esbuild/freebsd-arm64": ["@esbuild/freebsd-arm64@0.28.0", "", { "os": "freebsd", "cpu": "arm64" }, "sha512-l9GeW5UZBT9k9brBYI+0WDffcRxgHQD8ShN2Ur4xWq/NFzUKm3k5lsH4PdaRgb2w7mI9u61nr2gI2mLI27Nh3Q=="],

    "@esbuild/freebsd-x64": ["@esbuild/freebsd-x64@0.28.0", "", { "os": "freebsd", "cpu": "x64" }, "sha512-BXoQai/A0wPO6Es3yFJ7APCiKGc1tdAEOgeTNy3SsB491S3aHn4S4r3e976eUnPdU+NbdtmBuLncYir2tMU9Nw=="],

    "@esbuild/linux-arm": ["@esbuild/linux-arm@0.28.0", "", { "os": "linux", "cpu": "arm" }, "sha512-CjaaREJagqJp7iTaNQjjidaNbCKYcd4IDkzbwwxtSvjI7NZm79qiHc8HqciMddQ6CKvJT6aBd8lO9kN/ZudLlw=="],

    "@esbuild/linux-arm64": ["@esbuild/linux-arm64@0.28.0", "", { "os": "linux", "cpu": "arm64" }, "sha512-RVyzfb3FWsGA55n6WY0MEIEPURL1FcbhFE6BffZEMEekfCzCIMtB5yyDcFnVbTnwk+CLAgTujmV/Lgvih56W+A=="],

    "@esbuild/linux-ia32": ["@esbuild/linux-ia32@0.28.0", "", { "os": "linux", "cpu": "ia32" }, "sha512-KBnSTt1kxl9x70q+ydterVdl+Cn0H18ngRMRCEQfrbqdUuntQQ0LoMZv47uB97NljZFzY6HcfqEZ2SAyIUTQBQ=="],

    "@esbuild/linux-loong64": ["@esbuild/linux-loong64@0.28.0", "", { "os": "linux", "cpu": "none" }, "sha512-zpSlUce1mnxzgBADvxKXX5sl8aYQHo2ezvMNI8I0lbblJtp8V4odlm3Yzlj7gPyt3T8ReksE6bK+pT3WD+aJRg=="],

    "@esbuild/linux-mips64el": ["@esbuild/linux-mips64el@0.28.0", "", { "os": "linux", "cpu": "none" }, "sha512-2jIfP6mmjkdmeTlsX/9vmdmhBmKADrWqN7zcdtHIeNSCH1SqIoNI63cYsjQR8J+wGa4Y5izRcSHSm8K3QWmk3w=="],

    "@esbuild/linux-ppc64": ["@esbuild/linux-ppc64@0.28.0", "", { "os": "linux", "cpu": "ppc64" }, "sha512-bc0FE9wWeC0WBm49IQMPSPILRocGTQt3j5KPCA8os6VprfuJ7KD+5PzESSrJ6GmPIPJK965ZJHTUlSA6GNYEhg=="],

    "@esbuild/linux-riscv64": ["@esbuild/linux-riscv64@0.28.0", "", { "os": "linux", "cpu": "none" }, "sha512-SQPZOwoTTT/HXFXQJG/vBX8sOFagGqvZyXcgLA3NhIqcBv1BJU1d46c0rGcrij2B56Z2rNiSLaZOYW5cUk7yLQ=="],

    "@esbuild/linux-s390x": ["@esbuild/linux-s390x@0.28.0", "", { "os": "linux", "cpu": "s390x" }, "sha512-SCfR0HN8CEEjnYnySJTd2cw0k9OHB/YFzt5zgJEwa+wL/T/raGWYMBqwDNAC6dqFKmJYZoQBRfHjgwLHGSrn3Q=="],

    "@esbuild/linux-x64": ["@esbuild/linux-x64@0.28.0", "", { "os": "linux", "cpu": "x64" }, "sha512-us0dSb9iFxIi8srnpl931Nvs65it/Jd2a2K3qs7fz2WfGPHqzfzZTfec7oxZJRNPXPnNYZtanmRc4AL/JwVzHQ=="],

    "@esbuild/netbsd-arm64": ["@esbuild/netbsd-arm64@0.28.0", "", { "os": "none", "cpu": "arm64" }, "sha512-CR/RYotgtCKwtftMwJlUU7xCVNg3lMYZ0RzTmAHSfLCXw3NtZtNpswLEj/Kkf6kEL3Gw+BpOekRX0BYCtklhUw=="],

    "@esbuild/netbsd-x64": ["@esbuild/netbsd-x64@0.28.0", "", { "os": "none", "cpu": "x64" }, "sha512-nU1yhmYutL+fQ71Kxnhg8uEOdC0pwEW9entHykTgEbna2pw2dkbFSMeqjjyHZoCmt8SBkOSvV+yNmm94aUrrqw=="],

    "@esbuild/openbsd-arm64": ["@esbuild/openbsd-arm64@0.28.0", "", { "os": "openbsd", "cpu": "arm64" }, "sha512-cXb5vApOsRsxsEl4mcZ1XY3D4DzcoMxR/nnc4IyqYs0rTI8ZKmW6kyyg+11Z8yvgMfAEldKzP7AdP64HnSC/6g=="],

    "@esbuild/openbsd-x64": ["@esbuild/openbsd-x64@0.28.0", "", { "os": "openbsd", "cpu": "x64" }, "sha512-8wZM2qqtv9UP3mzy7HiGYNH/zjTA355mpeuA+859TyR+e+Tc08IHYpLJuMsfpDJwoLo1ikIJI8jC3GFjnRClzA=="],

    "@esbuild/openharmony-arm64": ["@esbuild/openharmony-arm64@0.28.0", "", { "os": "none", "cpu": "arm64" }, "sha512-FLGfyizszcef5C3YtoyQDACyg95+dndv79i2EekILBofh5wpCa1KuBqOWKrEHZg3zrL3t5ouE5jgr94vA+Wb2w=="],

    "@esbuild/sunos-x64": ["@esbuild/sunos-x64@0.28.0", "", { "os": "sunos", "cpu": "x64" }, "sha512-1ZgjUoEdHZZl/YlV76TSCz9Hqj9h9YmMGAgAPYd+q4SicWNX3G5GCyx9uhQWSLcbvPW8Ni7lj4gDa1T40akdlw=="],

    "@esbuild/win32-arm64": ["@esbuild/win32-arm64@0.28.0", "", { "os": "win32", "cpu": "arm64" }, "sha512-Q9StnDmQ/enxnpxCCLSg0oo4+34B9TdXpuyPeTedN/6+iXBJ4J+zwfQI28u/Jl40nOYAxGoNi7mFP40RUtkmUA=="],

    "@esbuild/win32-ia32": ["@esbuild/win32-ia32@0.28.0", "", { "os": "win32", "cpu": "ia32" }, "sha512-zF3ag/gfiCe6U2iczcRzSYJKH1DCI+ByzSENHlM2FcDbEeo5Zd2C86Aq0tKUYAJJ1obRP84ymxIAksZUcdztHA=="],

    "@esbuild/win32-x64": ["@esbuild/win32-x64@0.28.0", "", { "os": "win32", "cpu": "x64" }, "sha512-pEl1bO9mfAmIC+tW5btTmrKaujg3zGtUmWNdCw/xs70FBjwAL3o9OEKNHvNmnyylD6ubxUERiEhdsL0xBQ9efw=="],

    "@hono/node-server": ["@hono/node-server@2.0.4", "", { "peerDependencies": { "hono": "^4" } }, "sha512-Ut3y0dMMPWy6bZ2kVfx25EOVbZlm15dhF4mOsezMlhpNHy+4MkU1qN9Y6lnruYi4wPmFzimGX2X7LF/FwHli4A=="],

    "@ioredis/commands": ["@ioredis/commands@1.10.0", "", {}, "sha512-UmeW7z4LfctwoQ5wkhVzgq8tXkreED2xZGpX+Bg+zA+WJFZCT6c062AfCK/Dfk81xZnnwdhJCUMkitihRaoC2Q=="],

    "@msgpackr-extract/msgpackr-extract-darwin-arm64": ["@msgpackr-extract/msgpackr-extract-darwin-arm64@3.0.4", "", { "os": "darwin", "cpu": "arm64" }, "sha512-LCkGo6JDfaBhgST7UpPWgNgLINpcpabaHfyz5OBx75nUYxBsaEPxjnyNjWpeb/xBup/682QnBfRBy2/LvPutZQ=="],

    "@msgpackr-extract/msgpackr-extract-darwin-x64": ["@msgpackr-extract/msgpackr-extract-darwin-x64@3.0.4", "", { "os": "darwin", "cpu": "x64" }, "sha512-zExlW9zUJKZH/tOtVMttwjKa4Xm/3KcNjnE3dPN92uCktwavMxpgCA3MoJK/DOnTWsQgo224OaST27/mPNAf+w=="],

    "@msgpackr-extract/msgpackr-extract-linux-arm": ["@msgpackr-extract/msgpackr-extract-linux-arm@3.0.4", "", { "os": "linux", "cpu": "arm" }, "sha512-Tg3yX65f5GbtXLkrYEHE5oibZG9epyYWas7FogTTEJeDEF9JlXJzKgXaNhT3UXlTOeA+AfZpYZYZ0uPj7Cfquw=="],

    "@msgpackr-extract/msgpackr-extract-linux-arm64": ["@msgpackr-extract/msgpackr-extract-linux-arm64@3.0.4", "", { "os": "linux", "cpu": "arm64" }, "sha512-dgX0P/9wGPJeHFBG+ZmhgE6bmtMt7NP5CRBGyyktpopdk/mW4POnrpQsSLtKI1dwpc+pPLuXHDh6vvskyQE/sw=="],

    "@msgpackr-extract/msgpackr-extract-linux-x64": ["@msgpackr-extract/msgpackr-extract-linux-x64@3.0.4", "", { "os": "linux", "cpu": "x64" }, "sha512-8TNXMEjJc3QEy7R/x1INhgiU+XakDAFUzBhaz7+Rbrs8NH5UQeHQxxmzsSBJGyV6I1jW79undiQm8tOI+D+8FQ=="],

    "@msgpackr-extract/msgpackr-extract-win32-x64": ["@msgpackr-extract/msgpackr-extract-win32-x64@3.0.4", "", { "os": "win32", "cpu": "x64" }, "sha512-CmCXPQrkbwExx3j946/PtHWHbYJiCRBRDl4BlkRQcJB/YOwQxJRTpoo7aTsortjgoJ1x7opzTSxn7C+ASSLVjQ=="],

    "@sinclair/typebox": ["@sinclair/typebox@0.34.41", "", {}, "sha512-6gS8pZzSXdyRHTIqoqSVknxolr1kzfy4/CeDnrzsVz8TTIWUbOBr6gnzOmTYJ3eXQNh4IYHIGi5aIL7sOZ2G/g=="],

    "@standard-schema/spec": ["@standard-schema/spec@1.1.0", "", {}, "sha512-l2aFy5jALhniG5HgqrD6jXLi/rUWrKvqN/qJx6yoJsgKhblVd+iqqU4RCXavm/jPityDo5TCvKMnpjKnOriy0w=="],

    "@tokenizer/inflate": ["@tokenizer/inflate@0.4.1", "", { "dependencies": { "debug": "^4.4.3", "token-types": "^6.1.1" } }, "sha512-2mAv+8pkG6GIZiF1kNg1jAjh27IDxEPKwdGul3snfztFerfPGI1LjDezZp3i7BElXompqEtPmoPx6c2wgtWsOA=="],

    "@tokenizer/token": ["@tokenizer/token@0.3.0", "", {}, "sha512-OvjF+z51L3ov0OyAU0duzsYuvO01PH7x4t6DJx+guahgTnBHkhJdG7soQeTSFLWN3efnHyibZ4Z8l2EuWwJN3A=="],

    "@types/autocannon": ["@types/autocannon@7.12.7", "", { "dependencies": { "@types/node": "*" } }, "sha512-Pd4nPf7wRpacULa6D/EC9x3CwzFQXwA0z5WFuik/fvJjW44V3WzBTM3jtt8nSBoflUNgswPiMCtgrr1bwnAcMg=="],

    "@types/bun": ["@types/bun@1.3.4", "", { "dependencies": { "bun-types": "1.3.4" } }, "sha512-EEPTKXHP+zKGPkhRLv+HI0UEX8/o+65hqARxLy8Ov5rIxMBPNTjeZww00CIihrIQGEQBYg+0roO5qOnS/7boGA=="],

    "@types/node": ["@types/node@24.10.1", "", { "dependencies": { "undici-types": "~7.16.0" } }, "sha512-GNWcUTRBgIRJD5zj+Tq0fKOJ5XZajIiBroOF0yvj2bSU1WvNdYS/dn9UxwsujGW4JX06dnHyjV2y9rRaybH0iQ=="],

    "@types/ws": ["@types/ws@8.18.1", "", { "dependencies": { "@types/node": "*" } }, "sha512-ThVF6DCVhA8kUGy+aazFQ4kXQ7E1Ty7A3ypFOe0IcJV8O/M511G99AW24irKrW56Wt44yG9+ij8FaqoBGkuBXg=="],

    "ansi-regex": ["ansi-regex@5.0.1", "", {}, "sha512-quJQXlTSUGL2LH9SUXo8VwsY4soanhgo6LNSm84E1LBcE8s3O0wpdiRzyR9z/ZZJMlMWv37qOOb9pdJlMUEKFQ=="],

    "ansi-styles": ["ansi-styles@4.3.0", "", { "dependencies": { "color-convert": "^2.0.1" } }, "sha512-zbB9rCJAT1rbjiVDb2hqKFHNYLxgtk8NURxZ3IZwD3F6NtxbXZQCnnSi1Lkx+IDohdPlFp222wVALIheZJQSEg=="],

    "asynckit": ["asynckit@0.4.0", "", {}, "sha512-Oei9OH4tRh0YqU3GxhX79dM/mwVgvbZJaSNaRk+bshkj0S5cfHcgYakreBjrHwatXKbz+IoIdYLxrKim2MjW0Q=="],

    "autocannon": ["autocannon@7.15.0", "", { "dependencies": { "chalk": "^4.1.0", "char-spinner": "^1.0.1", "cli-table3": "^0.6.0", "color-support": "^1.1.1", "cross-argv": "^2.0.0", "form-data": "^4.0.0", "has-async-hooks": "^1.0.0", "hdr-histogram-js": "^3.0.0", "hdr-histogram-percentiles-obj": "^3.0.0", "http-parser-js": "^0.5.2", "hyperid": "^3.0.0", "lodash.chunk": "^4.2.0", "lodash.clonedeep": "^4.5.0", "lodash.flatten": "^4.4.0", "manage-path": "^2.0.0", "on-net-listen": "^1.1.1", "pretty-bytes": "^5.4.1", "progress": "^2.0.3", "reinterval": "^1.1.0", "retimer": "^3.0.0", "semver": "^7.3.2", "subarg": "^1.0.0", "timestring": "^6.0.0" }, "bin": { "autocannon": "autocannon.js" } }, "sha512-NaP2rQyA+tcubOJMFv2+oeW9jv2pq/t+LM6BL3cfJic0HEfscEcnWgAyU5YovE/oTHUzAgTliGdLPR+RQAWUbg=="],

    "base64-js": ["base64-js@1.5.1", "", {}, "sha512-AKpaYlHn8t4SVbOHCy+b5+KKgvR4vrsD8vbvrbiQJps7fKDTkjkDry6ji0rUJjC0kzbNePLwzxq8iypo41qeWA=="],

    "buffer": ["buffer@5.7.1", "", { "dependencies": { "base64-js": "^1.3.1", "ieee754": "^1.1.13" } }, "sha512-EHcyIPBQ4BSGlvjB16k5KgAJ27CIsHY/2JBmCRReo48y9rQ3MaUzWX3KVlBa4U7MyX02HdVj0K7C3WaB3ju7FQ=="],

    "bun-types": ["bun-types@1.3.4", "", { "dependencies": { "@types/node": "*" } }, "sha512-5ua817+BZPZOlNaRgGBpZJOSAQ9RQ17pkwPD0yR7CfJg+r8DgIILByFifDTa+IPDDxzf5VNhtNlcKqFzDgJvlQ=="],

    "call-bind-apply-helpers": ["call-bind-apply-helpers@1.0.2", "", { "dependencies": { "es-errors": "^1.3.0", "function-bind": "^1.1.2" } }, "sha512-Sp1ablJ0ivDkSzjcaJdxEunN5/XvksFJ2sMBFfq6x0ryhQV/2b/KwFe21cMpmHtPOSij8K99/wSfoEuTObmuMQ=="],

    "chalk": ["chalk@4.1.2", "", { "dependencies": { "ansi-styles": "^4.1.0", "supports-color": "^7.1.0" } }, "sha512-oKnbhFyRIXpUuez8iBMmyEa4nbj4IOQyuhc/wy9kY7/WVPcwIO9VA668Pu8RkO7+0G76SLROeyw9CpQ061i4mA=="],

    "char-spinner": ["char-spinner@1.0.1", "", {}, "sha512-acv43vqJ0+N0rD+Uw3pDHSxP30FHrywu2NO6/wBaHChJIizpDeBUd6NjqhNhy9LGaEAhZAXn46QzmlAvIWd16g=="],

    "cli-table3": ["cli-table3@0.6.5", "", { "dependencies": { "string-width": "^4.2.0" }, "optionalDependencies": { "@colors/colors": "1.5.0" } }, "sha512-+W/5efTR7y5HRD7gACw9yQjqMVvEMLBHmboM/kPWam+H+Hmyrgjh6YncVKK122YZkXrLudzTuAukUw9FnMf7IQ=="],

    "cluster-key-slot": ["cluster-key-slot@1.1.1", "", {}, "sha512-rwHwUfXL40Chm1r08yrhU3qpUvdVlgkKNeyeGPOxnW8/SyVDvgRaed/Uz54AqWNaTCAThlj6QAs3TZcKI0xDEw=="],

    "color-convert": ["color-convert@2.0.1", "", { "dependencies": { "color-name": "~1.1.4" } }, "sha512-RRECPsj7iu/xb5oKYcsFHSppFNnsj/52OVTRKb4zP5onXwVF3zVmmToNcOfGC+CRDpfK/U584fMg38ZHCaElKQ=="],

    "color-name": ["color-name@1.1.4", "", {}, "sha512-dOy+3AuW3a2wNbZHIuMZpTcgjGuLU/uBL/ubcZF9OXbDo8ff4O8yVp5Bf0efS8uEoYo5q4Fx7dY9OgQGXgAsQA=="],

    "color-support": ["color-support@1.1.3", "", { "bin": { "color-support": "bin.js" } }, "sha512-qiBjkpbMLO/HL68y+lh4q0/O1MZFj2RX6X/KmMa3+gJD3z+WwI1ZzDHysvqHGS3mP6mznPckpXmw1nI9cJjyRg=="],

    "combined-stream": ["combined-stream@1.0.8", "", { "dependencies": { "delayed-stream": "~1.0.0" } }, "sha512-FQN4MRfuJeHf7cBbBMJFXhKSDq+2kAArBlmRBvcvFE5BB1HZKXtSFASDhdlz9zOYwxh8lDdnvmMOe/+5cdoEdg=="],

    "cookie": ["cookie@1.1.1", "", {}, "sha512-ei8Aos7ja0weRpFzJnEA9UHJ/7XQmqglbRwnf2ATjcB9Wq874VKH9kfjjirM6UhU2/E5fFYadylyhFldcqSidQ=="],

    "cross-argv": ["cross-argv@2.0.0", "", {}, "sha512-YIaY9TR5Nxeb8SMdtrU8asWVM4jqJDNDYlKV21LxtYcfNJhp1kEsgSa6qXwXgzN0WQWGODps0+TlGp2xQSHwOg=="],

    "debug": ["debug@4.4.3", "", { "dependencies": { "ms": "^2.1.3" } }, "sha512-RGwwWnwQvkVfavKVt22FGLw+xYSdzARwm0ru6DhTVA3umU5hZc28V3kO4stgYryrTlLpuvgI9GiijltAjNbcqA=="],

    "delayed-stream": ["delayed-stream@1.0.0", "", {}, "sha512-ZySD7Nf91aLB0RxL4KGrKHBXl7Eds1DAmEdcoVawXnLD7SDhpNgtuII2aAkg7a7QS41jxPSZ17p4VdGnMHk3MQ=="],

    "denque": ["denque@2.1.0", "", {}, "sha512-HVQE3AAb/pxF8fQAoiqpvg9i3evqug3hoiwakOyZAwJm+6vZehbkYXZ0l4JxS+I3QxM97v5aaRNhj8v5oBhekw=="],

    "detect-libc": ["detect-libc@2.1.2", "", {}, "sha512-Btj2BOOO83o3WyH59e8MgXsxEQVcarkUOpEYrubB0urwnN10yQ364rsiByU11nZlqWYZm05i/of7io4mzihBtQ=="],

    "dunder-proto": ["dunder-proto@1.0.1", "", { "dependencies": { "call-bind-apply-helpers": "^1.0.1", "es-errors": "^1.3.0", "gopd": "^1.2.0" } }, "sha512-KIN/nDJBQRcXw0MLVhZE9iQHmG68qAVIBg9CqmUYjmQIhgij9U5MFvrqkUL5FbtyyzZuOeOt0zdeRe4UY7ct+A=="],

    "effect": ["effect@4.0.0-beta.76", "", { "dependencies": { "@standard-schema/spec": "^1.1.0", "fast-check": "^4.8.0", "find-my-way-ts": "^0.1.6", "ini": "^7.0.0", "kubernetes-types": "^1.30.0", "msgpackr": "^2.0.1", "multipasta": "^0.2.7", "toml": "^4.1.1", "uuid": "^14.0.0", "yaml": "^2.9.0" } }, "sha512-hiX9cyJni4o7xn1rCYn5ASkLQOYePY23QxvHh5vM9K9cCNauNeXnwufvetXoUVISD/swzBYxGbHUC3rnjqUF+g=="],

    "elysia": ["elysia@1.4.18", "", { "dependencies": { "cookie": "^1.1.1", "exact-mirror": "0.2.5", "fast-decode-uri-component": "^1.0.1", "memoirist": "^0.4.0" }, "peerDependencies": { "@sinclair/typebox": ">= 0.34.0 < 1", "@types/bun": ">= 1.2.0", "file-type": ">= 20.0.0", "openapi-types": ">= 12.0.0", "typescript": ">= 5.0.0" }, "optionalPeers": ["@types/bun", "typescript"] }, "sha512-A6BhlipmSvgCy69SBgWADYZSdDIj3fT2gk8/9iMAC8iD+aGcnCr0fitziX0xr36MFDs/fsvVp8dWqxeq1VCgKg=="],

    "emoji-regex": ["emoji-regex@8.0.0", "", {}, "sha512-MSjYzcWNOA0ewAHpz0MxpYFvwg6yjy1NG3xteoqz644VCo/RPgnr1/GGt+ic3iJTzQ8Eu3TdM14SawnVUmGE6A=="],

    "es-define-property": ["es-define-property@1.0.1", "", {}, "sha512-e3nRfgfUZ4rNGL232gUgX06QNyyez04KdjFrF+LTRoOXmrOgFKDg4BCdsjW8EnT69eqdYGmRpJwiPVYNrCaW3g=="],

    "es-errors": ["es-errors@1.3.0", "", {}, "sha512-Zf5H2Kxt2xjTvbJvP2ZWLEICxA6j+hAmMzIlypy4xcBg1vKVnx89Wy0GbS+kf5cwCVFFzdCFh2XSCFNULS6csw=="],

    "es-object-atoms": ["es-object-atoms@1.1.1", "", { "dependencies": { "es-errors": "^1.3.0" } }, "sha512-FGgH2h8zKNim9ljj7dankFPcICIK9Cp5bm+c2gQSYePhpaG5+esrLODihIorn+Pe6FGJzWhXQotPv73jTaldXA=="],

    "es-set-tostringtag": ["es-set-tostringtag@2.1.0", "", { "dependencies": { "es-errors": "^1.3.0", "get-intrinsic": "^1.2.6", "has-tostringtag": "^1.0.2", "hasown": "^2.0.2" } }, "sha512-j6vWzfrGVfyXxge+O0x5sh6cvxAog0a/4Rdd2K36zCMV5eJ+/+tOAngRO8cODMNWbVRdVlmGZQL2YS3yR8bIUA=="],

    "esbuild": ["esbuild@0.28.0", "", { "optionalDependencies": { "@esbuild/aix-ppc64": "0.28.0", "@esbuild/android-arm": "0.28.0", "@esbuild/android-arm64": "0.28.0", "@esbuild/android-x64": "0.28.0", "@esbuild/darwin-arm64": "0.28.0", "@esbuild/darwin-x64": "0.28.0", "@esbuild/freebsd-arm64": "0.28.0", "@esbuild/freebsd-x64": "0.28.0", "@esbuild/linux-arm": "0.28.0", "@esbuild/linux-arm64": "0.28.0", "@esbuild/linux-ia32": "0.28.0", "@esbuild/linux-loong64": "0.28.0", "@esbuild/linux-mips64el": "0.28.0", "@esbuild/linux-ppc64": "0.28.0", "@esbuild/linux-riscv64": "0.28.0", "@esbuild/linux-s390x": "0.28.0", "@esbuild/linux-x64": "0.28.0", "@esbuild/netbsd-arm64": "0.28.0", "@esbuild/netbsd-x64": "0.28.0", "@esbuild/openbsd-arm64": "0.28.0", "@esbuild/openbsd-x64": "0.28.0", "@esbuild/openharmony-arm64": "0.28.0", "@esbuild/sunos-x64": "0.28.0", "@esbuild/win32-arm64": "0.28.0", "@esbuild/win32-ia32": "0.28.0", "@esbuild/win32-x64": "0.28.0" }, "bin": { "esbuild": "bin/esbuild" } }, "sha512-sNR9MHpXSUV/XB4zmsFKN+QgVG82Cc7+/aaxJ8Adi8hyOac+EXptIp45QBPaVyX3N70664wRbTcLTOemCAnyqw=="],

    "exact-mirror": ["exact-mirror@0.2.5", "", { "peerDependencies": { "@sinclair/typebox": "^0.34.15" }, "optionalPeers": ["@sinclair/typebox"] }, "sha512-u8Wu2lO8nio5lKSJubOydsdNtQmH8ENba5m0nbQYmTvsjksXKYIS1nSShdDlO8Uem+kbo+N6eD5I03cpZ+QsRQ=="],

    "fast-check": ["fast-check@4.8.0", "", { "dependencies": { "pure-rand": "^8.0.0" } }, "sha512-GOJ158CUMnN6cSahsv4+ExARvIDuzzinFjkp0E9WtiBa5zcVeLozVkWaE4IzFcc+Y48Wp1EDlUZsXRyAztQcSg=="],

    "fast-decode-uri-component": ["fast-decode-uri-component@1.0.1", "", {}, "sha512-WKgKWg5eUxvRZGwW8FvfbaH7AXSh2cL+3j5fMGzUMCxWBJ3dV3a7Wz8y2f/uQ0e3B6WmodD3oS54jTQ9HVTIIg=="],

    "file-type": ["file-type@21.1.1", "", { "dependencies": { "@tokenizer/inflate": "^0.4.1", "strtok3": "^10.3.4", "token-types": "^6.1.1", "uint8array-extras": "^1.4.0" } }, "sha512-ifJXo8zUqbQ/bLbl9sFoqHNTNWbnPY1COImFfM6CCy7z+E+jC1eY9YfOKkx0fckIg+VljAy2/87T61fp0+eEkg=="],

    "find-my-way-ts": ["find-my-way-ts@0.1.6", "", {}, "sha512-a85L9ZoXtNAey3Y6Z+eBWW658kO/MwR7zIafkIUPUMf3isZG0NCs2pjW2wtjxAKuJPxMAsHUIP4ZPGv0o5gyTA=="],

    "form-data": ["form-data@4.0.5", "", { "dependencies": { "asynckit": "^0.4.0", "combined-stream": "^1.0.8", "es-set-tostringtag": "^2.1.0", "hasown": "^2.0.2", "mime-types": "^2.1.12" } }, "sha512-8RipRLol37bNs2bhoV67fiTEvdTrbMUYcFTiy3+wuuOnUog2QBHCZWXDRijWQfAkhBj2Uf5UnVaiWwA5vdd82w=="],

    "fsevents": ["fsevents@2.3.3", "", { "os": "darwin" }, "sha512-5xoDfX+fL7faATnagmWPpbFtwh/R77WmMMqqHGS65C3vvB0YHrgF+B1YmZ3441tMj5n63k0212XNoJwzlhffQw=="],

    "function-bind": ["function-bind@1.1.2", "", {}, "sha512-7XHNxH7qX9xG5mIwxkhumTox/MIRNcOgDrxWsMt2pAr23WHp6MrRlN7FBSFpCpr+oVO0F744iUgR82nJMfG2SA=="],

    "get-intrinsic": ["get-intrinsic@1.3.0", "", { "dependencies": { "call-bind-apply-helpers": "^1.0.2", "es-define-property": "^1.0.1", "es-errors": "^1.3.0", "es-object-atoms": "^1.1.1", "function-bind": "^1.1.2", "get-proto": "^1.0.1", "gopd": "^1.2.0", "has-symbols": "^1.1.0", "hasown": "^2.0.2", "math-intrinsics": "^1.1.0" } }, "sha512-9fSjSaos/fRIVIp+xSJlE6lfwhES7LNtKaCBIamHsjr2na1BiABJPo0mOjjz8GJDURarmCPGqaiVg5mfjb98CQ=="],

    "get-proto": ["get-proto@1.0.1", "", { "dependencies": { "dunder-proto": "^1.0.1", "es-object-atoms": "^1.0.0" } }, "sha512-sTSfBjoXBp89JvIKIefqw7U2CCebsc74kiY6awiGogKtoSGbgjYE/G/+l9sF3MWFPNc9IcoOC4ODfKHfxFmp0g=="],

    "gopd": ["gopd@1.2.0", "", {}, "sha512-ZUKRh6/kUFoAiTAtTYPZJ3hw9wNxx+BIBOijnlG9PnrJsCcSjs1wyyD6vJpaYtgnzDrKYRSqf3OO6Rfa93xsRg=="],

    "has-async-hooks": ["has-async-hooks@1.0.0", "", {}, "sha512-YF0VPGjkxr7AyyQQNykX8zK4PvtEDsUJAPqwu06UFz1lb6EvI53sPh5H1kWxg8NXI5LsfRCZ8uX9NkYDZBb/mw=="],

    "has-flag": ["has-flag@4.0.0", "", {}, "sha512-EykJT/Q1KjTWctppgIAgfSO0tKVuZUjhgMr17kqTumMl6Afv3EISleU7qZUzoXDFTAHTDC4NOoG/ZxU3EvlMPQ=="],

    "has-symbols": ["has-symbols@1.1.0", "", {}, "sha512-1cDNdwJ2Jaohmb3sg4OmKaMBwuC48sYni5HUw2DvsC8LjGTLK9h+eb1X6RyuOHe4hT0ULCW68iomhjUoKUqlPQ=="],

    "has-tostringtag": ["has-tostringtag@1.0.2", "", { "dependencies": { "has-symbols": "^1.0.3" } }, "sha512-NqADB8VjPFLM2V0VvHUewwwsw0ZWBaIdgo+ieHtK3hasLz4qeCRjYcqfB6AQrBggRKppKF8L52/VqdVsO47Dlw=="],

    "hasown": ["hasown@2.0.2", "", { "dependencies": { "function-bind": "^1.1.2" } }, "sha512-0hJU9SCPvmMzIBdZFqNPXWa6dqh7WdH0cII9y+CyS8rG3nL48Bclra9HmKhVVUHyPWNH5Y7xDwAB7bfgSjkUMQ=="],

    "hdr-histogram-js": ["hdr-histogram-js@3.0.1", "", { "dependencies": { "@assemblyscript/loader": "^0.19.21", "base64-js": "^1.2.0", "pako": "^1.0.3" } }, "sha512-l3GSdZL1Jr1C0kyb461tUjEdrRPZr8Qry7jByltf5JGrA0xvqOSrxRBfcrJqqV/AMEtqqhHhC6w8HW0gn76tRQ=="],

    "hdr-histogram-percentiles-obj": ["hdr-histogram-percentiles-obj@3.0.0", "", {}, "sha512-7kIufnBqdsBGcSZLPJwqHT3yhk1QTsSlFsVD3kx5ixH/AlgBs9yM1q6DPhXZ8f8gtdqgh7N7/5btRLpQsS2gHw=="],

    "hono": ["hono@4.12.23", "", {}, "sha512-eIaZ9qDgu7XV0pxOCrg7/WhnQ6Ivm22UcxhXx/A3dcbqbbYgBEkc6e/J/s7j2tS96zoB0S9VBdLwQNCWwUo4LA=="],

    "http-parser-js": ["http-parser-js@0.5.10", "", {}, "sha512-Pysuw9XpUq5dVc/2SMHpuTY01RFl8fttgcyunjL7eEMhGM3cI4eOmiCycJDVCo/7O7ClfQD3SaI6ftDzqOXYMA=="],

    "hyperid": ["hyperid@3.3.0", "", { "dependencies": { "buffer": "^5.2.1", "uuid": "^8.3.2", "uuid-parse": "^1.1.0" } }, "sha512-7qhCVT4MJIoEsNcbhglhdmBKb09QtcmJNiIQGq7js/Khf5FtQQ9bzcAuloeqBeee7XD7JqDeve9KNlQya5tSGQ=="],

    "ieee754": ["ieee754@1.2.1", "", {}, "sha512-dcyqhDvX1C46lXZcVqCpK+FtMRQVdIMN6/Df5js2zouUsqG7I6sFxitIC+7KYK29KdXOLHdu9zL4sFnoVQnqaA=="],

    "ini": ["ini@7.0.0", "", {}, "sha512-ifK0CgjALofS5bkrcTy4RaQ9Vx2Knf/eLeIO+NaswQEpH1UblrtTSCIvN71qQDMq0PeQ/SSPojvEJp9vvvfr+w=="],

    "ioredis": ["ioredis@5.11.0", "", { "dependencies": { "@ioredis/commands": "1.10.0", "cluster-key-slot": "1.1.1", "debug": "4.4.3", "denque": "2.1.0", "redis-errors": "1.2.0", "redis-parser": "3.0.0", "standard-as-callback": "2.1.0" } }, "sha512-EZBErytyVovD8f6pDfG3Kb37N6Y3lmDA9NNj+4+IP13CzzHGeX+OyeRM2Um13khRzoBSzzL+5lVnCX8V2RLeMg=="],

    "is-fullwidth-code-point": ["is-fullwidth-code-point@3.0.0", "", {}, "sha512-zymm5+u+sCsSWyD9qNaejV3DFvhCKclKdizYaJUuHA83RLjb7nSuGnddCHGv0hk+KY7BMAlsWeK4Ueg6EV6XQg=="],

    "kubernetes-types": ["kubernetes-types@1.30.0", "", {}, "sha512-Dew1okvhM/SQcIa2rcgujNndZwU8VnSapDgdxlYoB84ZlpAD43U6KLAFqYo17ykSFGHNPrg0qry0bP+GJd9v7Q=="],

    "lodash.chunk": ["lodash.chunk@4.2.0", "", {}, "sha512-ZzydJKfUHJwHa+hF5X66zLFCBrWn5GeF28OHEr4WVWtNDXlQ/IjWKPBiikqKo2ne0+v6JgCgJ0GzJp8k8bHC7w=="],

    "lodash.clonedeep": ["lodash.clonedeep@4.5.0", "", {}, "sha512-H5ZhCF25riFd9uB5UCkVKo61m3S/xZk1x4wA6yp/L3RFP6Z/eHH1ymQcGLo7J3GMPfm0V/7m1tryHuGVxpqEBQ=="],

    "lodash.flatten": ["lodash.flatten@4.4.0", "", {}, "sha512-C5N2Z3DgnnKr0LOpv/hKCgKdb7ZZwafIrsesve6lmzvZIRZRGaZ/l6Q8+2W7NaT+ZwO3fFlSCzCzrDCFdJfZ4g=="],

    "manage-path": ["manage-path@2.0.0", "", {}, "sha512-NJhyB+PJYTpxhxZJ3lecIGgh4kwIY2RAh44XvAz9UlqthlQwtPBf62uBVR8XaD8CRuSjQ6TnZH2lNJkbLPZM2A=="],

    "math-intrinsics": ["math-intrinsics@1.1.0", "", {}, "sha512-/IXtbwEk5HTPyEwyKX6hGkYXxM9nbj64B+ilVJnC/R6B0pH5G4V3b0pVbL7DBj4tkhBAppbQUlf6F6Xl9LHu1g=="],

    "memoirist": ["memoirist@0.4.0", "", {}, "sha512-zxTgA0mSYELa66DimuNQDvyLq36AwDlTuVRbnQtB+VuTcKWm5Qc4z3WkSpgsFWHNhexqkIooqpv4hdcqrX5Nmg=="],

    "mime": ["mime@4.1.0", "", { "bin": { "mime": "bin/cli.js" } }, "sha512-X5ju04+cAzsojXKes0B/S4tcYtFAJ6tTMuSPBEn9CPGlrWr8Fiw7qYeLT0XyH80HSoAoqWCaz+MWKh22P7G1cw=="],

    "mime-db": ["mime-db@1.52.0", "", {}, "sha512-sPU4uV7dYlvtWJxwwxHD0PuihVNiE7TyAbQ5SWxDCB9mUYvOgroQOwYQQOKPJ8CIbE+1ETVlOoK1UC2nU3gYvg=="],

    "mime-types": ["mime-types@2.1.35", "", { "dependencies": { "mime-db": "1.52.0" } }, "sha512-ZDY+bPm5zTTF+YpCrAU9nK0UgICYPT0QtT1NZWFv4s++TNkcgVaT0g6+4R2uI4MjQjzysHB1zxuWL50hzaeXiw=="],

    "minimist": ["minimist@1.2.8", "", {}, "sha512-2yyAR8qBkN3YuheJanUpWC5U3bb5osDywNB8RzDVlDwDHbocAJveqqj1u8+SVD7jkWT4yvsHCpWqqWqAxb0zCA=="],

    "ms": ["ms@2.1.3", "", {}, "sha512-6FlzubTLZG3J2a/NVCAleEhjzq5oxgHyaCU9yYXvcLsvoVaHJq/s5xXI6/XXP6tz7R9xAOtHnSO/tXtF3WRTlA=="],

    "msgpackr": ["msgpackr@2.0.2", "", { "optionalDependencies": { "msgpackr-extract": "^3.0.4" } }, "sha512-c5hYOXFbP79Slh6Dzd2wzk+jnV7mX1UxfMYtilnY1NmalXPqG8DGb5cYCMBrW4AsH3zekBBZd4QrKz9NhtvYLQ=="],

    "msgpackr-extract": ["msgpackr-extract@3.0.4", "", { "dependencies": { "node-gyp-build-optional-packages": "5.2.2" }, "optionalDependencies": { "@msgpackr-extract/msgpackr-extract-darwin-arm64": "3.0.4", "@msgpackr-extract/msgpackr-extract-darwin-x64": "3.0.4", "@msgpackr-extract/msgpackr-extract-linux-arm": "3.0.4", "@msgpackr-extract/msgpackr-extract-linux-arm64": "3.0.4", "@msgpackr-extract/msgpackr-extract-linux-x64": "3.0.4", "@msgpackr-extract/msgpackr-extract-win32-x64": "3.0.4" }, "bin": { "download-msgpackr-prebuilds": "bin/download-prebuilds.js" } }, "sha512-4kmO/MdyUIkLIvTPr8VHLil4AtoKIoniWPIEk5+CDy0xnWC84azhSFmuJ7PxZdsYtiP5kEeQsORAVIeMgxT+Hw=="],

    "multipasta": ["multipasta@0.2.7", "", {}, "sha512-KPA58d68KgGil15oDqXjkUBEBYc00XvbPj5/X+dyzeo/lWm9Nc25pQRlf1D+gv4OpK7NM0J1odrbu9JNNGvynA=="],

    "node-gyp-build-optional-packages": ["node-gyp-build-optional-packages@5.2.2", "", { "dependencies": { "detect-libc": "^2.0.1" }, "bin": { "node-gyp-build-optional-packages": "bin.js", "node-gyp-build-optional-packages-optional": "optional.js", "node-gyp-build-optional-packages-test": "build-test.js" } }, "sha512-s+w+rBWnpTMwSFbaE0UXsRlg7hU4FjekKU4eyAih5T8nJuNZT1nNsskXpxmeqSK9UzkBl6UgRlnKc8hz8IEqOw=="],

    "on-net-listen": ["on-net-listen@1.1.2", "", {}, "sha512-y1HRYy8s/RlcBvDUwKXSmkODMdx4KSuIvloCnQYJ2LdBBC1asY4HtfhXwe3UWknLakATZDnbzht2Ijw3M1EqFg=="],

    "openapi-types": ["openapi-types@12.1.3", "", {}, "sha512-N4YtSYJqghVu4iek2ZUvcN/0aqH1kRDuNqzcycDxhOUpg7GdvLa2F3DgS6yBNhInhv2r/6I0Flkn7CqL8+nIcw=="],

    "pako": ["pako@1.0.11", "", {}, "sha512-4hLB8Py4zZce5s4yd9XzopqwVv/yGNhV1Bl8NTmCq1763HeK2+EwVTv+leGeL13Dnh2wfbqowVPXCIO0z4taYw=="],

    "pretty-bytes": ["pretty-bytes@5.6.0", "", {}, "sha512-FFw039TmrBqFK8ma/7OL3sDz/VytdtJr044/QUJtH0wK9lb9jLq9tJyIxUwtQJHwar2BqtiA4iCWSwo9JLkzFg=="],

    "progress": ["progress@2.0.3", "", {}, "sha512-7PiHtLll5LdnKIMw100I+8xJXR5gW2QwWYkT6iJva0bXitZKa/XMrSbdmg3r2Xnaidz9Qumd0VPaMrZlF9V9sA=="],

    "pure-rand": ["pure-rand@8.4.0", "", {}, "sha512-IoM8YF/jY0hiugFo/wOWqfmarlE6J0wc6fDK1PhftMk7MGhVZl88sZimmqBBFomLOCSmcCCpsfj7wXASCpvK9A=="],

    "redis-errors": ["redis-errors@1.2.0", "", {}, "sha512-1qny3OExCf0UvUV/5wpYKf2YwPcOqXzkwKKSmKHiE6ZMQs5heeE/c8eXK+PNllPvmjgAbfnsbpkGZWy8cBpn9w=="],

    "redis-parser": ["redis-parser@3.0.0", "", { "dependencies": { "redis-errors": "^1.0.0" } }, "sha512-DJnGAeenTdpMEH6uAJRK/uiyEIH9WVsUmoLwzudwGJUwZPp80PDBWPHXSAGNPwNvIXAbe7MSUB1zQFugFml66A=="],

    "reinterval": ["reinterval@1.1.0", "", {}, "sha512-QIRet3SYrGp0HUHO88jVskiG6seqUGC5iAG7AwI/BV4ypGcuqk9Du6YQBUOUqm9c8pw1eyLoIaONifRua1lsEQ=="],

    "retimer": ["retimer@3.0.0", "", {}, "sha512-WKE0j11Pa0ZJI5YIk0nflGI7SQsfl2ljihVy7ogh7DeQSeYAUi0ubZ/yEueGtDfUPk6GH5LRw1hBdLq4IwUBWA=="],

    "semver": ["semver@7.7.3", "", { "bin": { "semver": "bin/semver.js" } }, "sha512-SdsKMrI9TdgjdweUSR9MweHA4EJ8YxHn8DFaDisvhVlUOe4BF1tLD7GAj0lIqWVl+dPb/rExr0Btby5loQm20Q=="],

    "standard-as-callback": ["standard-as-callback@2.1.0", "", {}, "sha512-qoRRSyROncaz1z0mvYqIE4lCd9p2R90i6GxW3uZv5ucSu8tU7B5HXUP1gG8pVZsYNVaXjk8ClXHPttLyxAL48A=="],

    "string-width": ["string-width@4.2.3", "", { "dependencies": { "emoji-regex": "^8.0.0", "is-fullwidth-code-point": "^3.0.0", "strip-ansi": "^6.0.1" } }, "sha512-wKyQRQpjJ0sIp62ErSZdGsjMJWsap5oRNihHhu6G7JVO/9jIB6UyevL+tXuOqrng8j/cxKTWyWUwvSTriiZz/g=="],

    "strip-ansi": ["strip-ansi@6.0.1", "", { "dependencies": { "ansi-regex": "^5.0.1" } }, "sha512-Y38VPSHcqkFrCpFnQ9vuSXmquuv5oXOKpGeT6aGrr3o3Gc9AlVa6JBfUSOCnbxGGZF+/0ooI7KrPuUSztUdU5A=="],

    "strtok3": ["strtok3@10.3.4", "", { "dependencies": { "@tokenizer/token": "^0.3.0" } }, "sha512-KIy5nylvC5le1OdaaoCJ07L+8iQzJHGH6pWDuzS+d07Cu7n1MZ2x26P8ZKIWfbK02+XIL8Mp4RkWeqdUCrDMfg=="],

    "subarg": ["subarg@1.0.0", "", { "dependencies": { "minimist": "^1.1.0" } }, "sha512-RIrIdRY0X1xojthNcVtgT9sjpOGagEUKpZdgBUi054OEPFo282yg+zE+t1Rj3+RqKq2xStL7uUHhY+AjbC4BXg=="],

    "supports-color": ["supports-color@7.2.0", "", { "dependencies": { "has-flag": "^4.0.0" } }, "sha512-qpCAvRl9stuOHveKsn7HncJRvv501qIacKzQlO/+Lwxc9+0q2wLyv4Dfvt80/DPn2pqOBsJdDiogXGR9+OvwRw=="],

    "timestring": ["timestring@6.0.0", "", {}, "sha512-wMctrWD2HZZLuIlchlkE2dfXJh7J2KDI9Dwl+2abPYg0mswQHfOAyQW3jJg1pY5VfttSINZuKcXoB3FGypVklA=="],

    "token-types": ["token-types@6.1.1", "", { "dependencies": { "@borewit/text-codec": "^0.1.0", "@tokenizer/token": "^0.3.0", "ieee754": "^1.2.1" } }, "sha512-kh9LVIWH5CnL63Ipf0jhlBIy0UsrMj/NJDfpsy1SqOXlLKEVyXXYrnFxFT1yOOYVGBSApeVnjPw/sBz5BfEjAQ=="],

    "toml": ["toml@4.1.1", "", {}, "sha512-EBJnVBr3dTXdA89WVFoAIPUqkBjxPMwRqsfuo1r240tKFHXv3zgca4+NJib/h6TyvGF7vOawz0jGuryJCdNHrw=="],

    "tsx": ["tsx@4.22.4", "", { "dependencies": { "esbuild": "~0.28.0" }, "optionalDependencies": { "fsevents": "~2.3.3" }, "bin": { "tsx": "dist/cli.mjs" } }, "sha512-X8EX+XV4QR5xCsrgxaED954zTDfY8KqlDtskKEL0cHhyS/P8b4IFOvGDQpsC9Q1XnLq915wEfwwY/zzskCtmhg=="],

    "typescript": ["typescript@5.9.3", "", { "bin": { "tsc": "bin/tsc", "tsserver": "bin/tsserver" } }, "sha512-jl1vZzPDinLr9eUt3J/t7V6FgNEw9QjvBPdysz9KfQDD41fQrC2Y4vKQdiaUpFT4bXlb1RHhLpp8wtm6M5TgSw=="],

    "uint8array-extras": ["uint8array-extras@1.5.0", "", {}, "sha512-rvKSBiC5zqCCiDZ9kAOszZcDvdAHwwIKJG33Ykj43OKcWsnmcBRL09YTU4nOeHZ8Y2a7l1MgTd08SBe9A8Qj6A=="],

    "undici": ["undici@8.3.0", "", {}, "sha512-TkUDgb6tl7KOGZ+7e8E3d2FYgUQgF6z5YypqjWmixVQSQERFcVrVg0ySADm2LVLRh5ljAaHTCR5Fmz3Q34rB7Q=="],

    "undici-types": ["undici-types@7.16.0", "", {}, "sha512-Zz+aZWSj8LE6zoxD+xrjh4VfkIG8Ya6LvYkZqtUQGJPZjYl53ypCaUwWqo7eI0x66KBGeRo+mlBEkMSeSZ38Nw=="],

    "uuid": ["uuid@14.0.0", "", { "bin": { "uuid": "dist-node/bin/uuid" } }, "sha512-Qo+uWgilfSmAhXCMav1uYFynlQO7fMFiMVZsQqZRMIXp0O7rR7qjkj+cPvBHLgBqi960QCoo/PH2/6ZtVqKvrg=="],

    "uuid-parse": ["uuid-parse@1.1.0", "", {}, "sha512-OdmXxA8rDsQ7YpNVbKSJkNzTw2I+S5WsbMDnCtIWSQaosNAcWtFuI/YK1TjzUI6nbkgiqEyh8gWngfcv8Asd9A=="],

    "ws": ["ws@8.21.0", "", { "peerDependencies": { "bufferutil": "^4.0.1", "utf-8-validate": ">=5.0.2" }, "optionalPeers": ["bufferutil", "utf-8-validate"] }, "sha512-Vsp28b7DRcimFQvrqu2Wek3z1iYxDCWqHYB8Qsnk/S4RfaCQzPGPyBNuVjJV3cd6UiKtUtp6sNM77gWvzcCH+g=="],

    "yaml": ["yaml@2.9.0", "", { "bin": { "yaml": "bin.mjs" } }, "sha512-2AvhNX3mb8zd6Zy7INTtSpl1F15HW6Wnqj0srWlkKLcpYl/gMIMJiyuGq2KeI2YFxUPjdlB+3Lc10seMLtL4cA=="],

    "hyperid/uuid": ["uuid@8.3.2", "", { "bin": { "uuid": "dist/bin/uuid" } }, "sha512-+NYs2QeMWy+GWFOEm9xnn6HCDp0l7QBD7ml8zLUmJ+93Q5NF0NocErnwkTkXVFNiX3/fpC6afS8Dhb/gz7R7eg=="],
  }
}
